
Microsoft Visual Studio Solution File, Format Version 12.00
# Visual Studio 15
VisualStudioVersion = 15.0.27428.2002
MinimumVisualStudioVersion = 10.0.40219.1
Project("{FAE04EC0-301F-11D3-BF4B-00C04F79EFBC}") = "SG.Gaming.Android", "SG.Gaming\SG.Gaming.Android\SG.Gaming.Android.csproj", "{F7824C05-F88B-4137-A685-FBF3C43944E6}"
EndProject
Project("{FAE04EC0-301F-11D3-BF4B-00C04F79EFBC}") = "SG.Gaming.iOS", "SG.Gaming\SG.Gaming.iOS\SG.Gaming.iOS.csproj", "{BFC96343-E1FF-46D1-9F60-74610069FBE7}"
EndProject
Project("{FAE04EC0-301F-11D3-BF4B-00C04F79EFBC}") = "SG.Gaming", "SG.Gaming\SG.Gaming\SG.Gaming.csproj", "{9E32F3DC-F4CC-4A62-8D0A-46234A4CC4D5}"
EndProject
Project("{2150E333-8FDC-42A3-9474-1A3956D46DE8}") = "src", "src", "{5C94593A-993E-4CD6-B6AF-BB2C684E9250}"
EndProject
Project("{2150E333-8FDC-42A3-9474-1A3956D46DE8}") = "test", "test", "{A8C50FF5-113D-46C1-9A79-65EB09050EB3}"
EndProject
Project("{2150E333-8FDC-42A3-9474-1A3956D46DE8}") = "shared code", "shared code", "{0829CE59-D93B-4975-AFAA-9F0109C0EE0F}"
EndProject
Project("{2150E333-8FDC-42A3-9474-1A3956D46DE8}") = "targets", "targets", "{8A45B365-A682-46B4-AAC5-C4746A1B6E86}"
EndProject
Global
	GlobalSection(SolutionConfigurationPlatforms) = preSolution
		Ad-Hoc|Any CPU = Ad-Hoc|Any CPU
		Ad-Hoc|iPhone = Ad-Hoc|iPhone
		Ad-Hoc|iPhoneSimulator = Ad-Hoc|iPhoneSimulator
		AppStore|Any CPU = AppStore|Any CPU
		AppStore|iPhone = AppStore|iPhone
		AppStore|iPhoneSimulator = AppStore|iPhoneSimulator
		Debug|Any CPU = Debug|Any CPU
		Debug|iPhone = Debug|iPhone
		Debug|iPhoneSimulator = Debug|iPhoneSimulator
		Release|Any CPU = Release|Any CPU
		Release|iPhone = Release|iPhone
		Release|iPhoneSimulator = Release|iPhoneSimulator
	EndGlobalSection
	GlobalSection(ProjectConfigurationPlatforms) = postSolution
		{F7824C05-F88B-4137-A685-FBF3C43944E6}.Ad-Hoc|Any CPU.ActiveCfg = Release|Any CPU
		{F7824C05-F88B-4137-A685-FBF3C43944E6}.Ad-Hoc|Any CPU.Build.0 = Release|Any CPU
		{F7824C05-F88B-4137-A685-FBF3C43944E6}.Ad-Hoc|Any CPU.Deploy.0 = Release|Any CPU
		{F7824C05-F88B-4137-A685-FBF3C43944E6}.Ad-Hoc|iPhone.ActiveCfg = Release|Any CPU
		{F7824C05-F88B-4137-A685-FBF3C43944E6}.Ad-Hoc|iPhone.Build.0 = Release|Any CPU
		{F7824C05-F88B-4137-A685-FBF3C43944E6}.Ad-Hoc|iPhone.Deploy.0 = Release|Any CPU
		{F7824C05-F88B-4137-A685-FBF3C43944E6}.Ad-Hoc|iPhoneSimulator.ActiveCfg = Release|Any CPU
		{F7824C05-F88B-4137-A685-FBF3C43944E6}.Ad-Hoc|iPhoneSimulator.Build.0 = Release|Any CPU
		{F7824C05-F88B-4137-A685-FBF3C43944E6}.Ad-Hoc|iPhoneSimulator.Deploy.0 = Release|Any CPU
		{F7824C05-F88B-4137-A685-FBF3C43944E6}.AppStore|Any CPU.ActiveCfg = Release|Any CPU
		{F7824C05-F88B-4137-A685-FBF3C43944E6}.AppStore|Any CPU.Build.0 = Release|Any CPU
		{F7824C05-F88B-4137-A685-FBF3C43944E6}.AppStore|Any CPU.Deploy.0 = Release|Any CPU
		{F7824C05-F88B-4137-A685-FBF3C43944E6}.AppStore|iPhone.ActiveCfg = Release|Any CPU
		{F7824C05-F88B-4137-A685-FBF3C43944E6}.AppStore|iPhone.Build.0 = Release|Any CPU
		{F7824C05-F88B-4137-A685-FBF3C43944E6}.AppStore|iPhone.Deploy.0 = Release|Any CPU
		{F7824C05-F88B-4137-A685-FBF3C43944E6}.AppStore|iPhoneSimulator.ActiveCfg = Release|Any CPU
		{F7824C05-F88B-4137-A685-FBF3C43944E6}.AppStore|iPhoneSimulator.Build.0 = Release|Any CPU
		{F7824C05-F88B-4137-A685-FBF3C43944E6}.AppStore|iPhoneSimulator.Deploy.0 = Release|Any CPU
		{F7824C05-F88B-4137-A685-FBF3C43944E6}.Debug|Any CPU.ActiveCfg = Debug|Any CPU
		{F7824C05-F88B-4137-A685-FBF3C43944E6}.Debug|Any CPU.Build.0 = Debug|Any CPU
		{F7824C05-F88B-4137-A685-FBF3C43944E6}.Debug|Any CPU.Deploy.0 = Debug|Any CPU
		{F7824C05-F88B-4137-A685-FBF3C43944E6}.Debug|iPhone.ActiveCfg = Debug|Any CPU
		{F7824C05-F88B-4137-A685-FBF3C43944E6}.Debug|iPhone.Build.0 = Debug|Any CPU
		{F7824C05-F88B-4137-A685-FBF3C43944E6}.Debug|iPhone.Deploy.0 = Debug|Any CPU
		{F7824C05-F88B-4137-A685-FBF3C43944E6}.Debug|iPhoneSimulator.ActiveCfg = Debug|Any CPU
		{F7824C05-F88B-4137-A685-FBF3C43944E6}.Debug|iPhoneSimulator.Build.0 = Debug|Any CPU
		{F7824C05-F88B-4137-A685-FBF3C43944E6}.Debug|iPhoneSimulator.Deploy.0 = Debug|Any CPU
		{F7824C05-F88B-4137-A685-FBF3C43944E6}.Release|Any CPU.ActiveCfg = Release|Any CPU
		{F7824C05-F88B-4137-A685-FBF3C43944E6}.Release|Any CPU.Build.0 = Release|Any CPU
		{F7824C05-F88B-4137-A685-FBF3C43944E6}.Release|Any CPU.Deploy.0 = Release|Any CPU
		{F7824C05-F88B-4137-A685-FBF3C43944E6}.Release|iPhone.ActiveCfg = Release|Any CPU
		{F7824C05-F88B-4137-A685-FBF3C43944E6}.Release|iPhone.Build.0 = Release|Any CPU
		{F7824C05-F88B-4137-A685-FBF3C43944E6}.Release|iPhone.Deploy.0 = Release|Any CPU
		{F7824C05-F88B-4137-A685-FBF3C43944E6}.Release|iPhoneSimulator.ActiveCfg = Release|Any CPU
		{F7824C05-F88B-4137-A685-FBF3C43944E6}.Release|iPhoneSimulator.Build.0 = Release|Any CPU
		{F7824C05-F88B-4137-A685-FBF3C43944E6}.Release|iPhoneSimulator.Deploy.0 = Release|Any CPU
		{BFC96343-E1FF-46D1-9F60-74610069FBE7}.Ad-Hoc|Any CPU.ActiveCfg = Ad-Hoc|iPhone
		{BFC96343-E1FF-46D1-9F60-74610069FBE7}.Ad-Hoc|iPhone.ActiveCfg = Ad-Hoc|iPhone
		{BFC96343-E1FF-46D1-9F60-74610069FBE7}.Ad-Hoc|iPhone.Build.0 = Ad-Hoc|iPhone
		{BFC96343-E1FF-46D1-9F60-74610069FBE7}.Ad-Hoc|iPhoneSimulator.ActiveCfg = Ad-Hoc|iPhoneSimulator
		{BFC96343-E1FF-46D1-9F60-74610069FBE7}.Ad-Hoc|iPhoneSimulator.Build.0 = Ad-Hoc|iPhoneSimulator
		{BFC96343-E1FF-46D1-9F60-74610069FBE7}.AppStore|Any CPU.ActiveCfg = AppStore|iPhone
		{BFC96343-E1FF-46D1-9F60-74610069FBE7}.AppStore|iPhone.ActiveCfg = AppStore|iPhone
		{BFC96343-E1FF-46D1-9F60-74610069FBE7}.AppStore|iPhone.Build.0 = AppStore|iPhone
		{BFC96343-E1FF-46D1-9F60-74610069FBE7}.AppStore|iPhoneSimulator.ActiveCfg = AppStore|iPhoneSimulator
		{BFC96343-E1FF-46D1-9F60-74610069FBE7}.AppStore|iPhoneSimulator.Build.0 = AppStore|iPhoneSimulator
		{BFC96343-E1FF-46D1-9F60-74610069FBE7}.Debug|Any CPU.ActiveCfg = Debug|iPhone
		{BFC96343-E1FF-46D1-9F60-74610069FBE7}.Debug|iPhone.ActiveCfg = Debug|iPhone
		{BFC96343-E1FF-46D1-9F60-74610069FBE7}.Debug|iPhone.Build.0 = Debug|iPhone
		{BFC96343-E1FF-46D1-9F60-74610069FBE7}.Debug|iPhoneSimulator.ActiveCfg = Debug|iPhoneSimulator
		{BFC96343-E1FF-46D1-9F60-74610069FBE7}.Debug|iPhoneSimulator.Build.0 = Debug|iPhoneSimulator
		{BFC96343-E1FF-46D1-9F60-74610069FBE7}.Release|Any CPU.ActiveCfg = Release|iPhone
		{BFC96343-E1FF-46D1-9F60-74610069FBE7}.Release|iPhone.ActiveCfg = Release|iPhone
		{BFC96343-E1FF-46D1-9F60-74610069FBE7}.Release|iPhone.Build.0 = Release|iPhone
		{BFC96343-E1FF-46D1-9F60-74610069FBE7}.Release|iPhoneSimulator.ActiveCfg = Release|iPhoneSimulator
		{BFC96343-E1FF-46D1-9F60-74610069FBE7}.Release|iPhoneSimulator.Build.0 = Release|iPhoneSimulator
		{9E32F3DC-F4CC-4A62-8D0A-46234A4CC4D5}.Ad-Hoc|Any CPU.ActiveCfg = Debug|Any CPU
		{9E32F3DC-F4CC-4A62-8D0A-46234A4CC4D5}.Ad-Hoc|Any CPU.Build.0 = Debug|Any CPU
		{9E32F3DC-F4CC-4A62-8D0A-46234A4CC4D5}.Ad-Hoc|iPhone.ActiveCfg = Debug|Any CPU
		{9E32F3DC-F4CC-4A62-8D0A-46234A4CC4D5}.Ad-Hoc|iPhone.Build.0 = Debug|Any CPU
		{9E32F3DC-F4CC-4A62-8D0A-46234A4CC4D5}.Ad-Hoc|iPhoneSimulator.ActiveCfg = Debug|Any CPU
		{9E32F3DC-F4CC-4A62-8D0A-46234A4CC4D5}.Ad-Hoc|iPhoneSimulator.Build.0 = Debug|Any CPU
		{9E32F3DC-F4CC-4A62-8D0A-46234A4CC4D5}.AppStore|Any CPU.ActiveCfg = Debug|Any CPU
		{9E32F3DC-F4CC-4A62-8D0A-46234A4CC4D5}.AppStore|Any CPU.Build.0 = Debug|Any CPU
		{9E32F3DC-F4CC-4A62-8D0A-46234A4CC4D5}.AppStore|iPhone.ActiveCfg = Debug|Any CPU
		{9E32F3DC-F4CC-4A62-8D0A-46234A4CC4D5}.AppStore|iPhone.Build.0 = Debug|Any CPU
		{9E32F3DC-F4CC-4A62-8D0A-46234A4CC4D5}.AppStore|iPhoneSimulator.ActiveCfg = Debug|Any CPU
		{9E32F3DC-F4CC-4A62-8D0A-46234A4CC4D5}.AppStore|iPhoneSimulator.Build.0 = Debug|Any CPU
		{9E32F3DC-F4CC-4A62-8D0A-46234A4CC4D5}.Debug|Any CPU.ActiveCfg = Debug|Any CPU
		{9E32F3DC-F4CC-4A62-8D0A-46234A4CC4D5}.Debug|Any CPU.Build.0 = Debug|Any CPU
		{9E32F3DC-F4CC-4A62-8D0A-46234A4CC4D5}.Debug|iPhone.ActiveCfg = Debug|Any CPU
		{9E32F3DC-F4CC-4A62-8D0A-46234A4CC4D5}.Debug|iPhone.Build.0 = Debug|Any CPU
		{9E32F3DC-F4CC-4A62-8D0A-46234A4CC4D5}.Debug|iPhoneSimulator.ActiveCfg = Debug|Any CPU
		{9E32F3DC-F4CC-4A62-8D0A-46234A4CC4D5}.Debug|iPhoneSimulator.Build.0 = Debug|Any CPU
		{9E32F3DC-F4CC-4A62-8D0A-46234A4CC4D5}.Release|Any CPU.ActiveCfg = Release|Any CPU
		{9E32F3DC-F4CC-4A62-8D0A-46234A4CC4D5}.Release|Any CPU.Build.0 = Release|Any CPU
		{9E32F3DC-F4CC-4A62-8D0A-46234A4CC4D5}.Release|iPhone.ActiveCfg = Release|Any CPU
		{9E32F3DC-F4CC-4A62-8D0A-46234A4CC4D5}.Release|iPhone.Build.0 = Release|Any CPU
		{9E32F3DC-F4CC-4A62-8D0A-46234A4CC4D5}.Release|iPhoneSimulator.ActiveCfg = Release|Any CPU
		{9E32F3DC-F4CC-4A62-8D0A-46234A4CC4D5}.Release|iPhoneSimulator.Build.0 = Release|Any CPU
	EndGlobalSection
	GlobalSection(SolutionProperties) = preSolution
		HideSolutionNode = FALSE
	EndGlobalSection
	GlobalSection(NestedProjects) = preSolution
		{F7824C05-F88B-4137-A685-FBF3C43944E6} = {8A45B365-A682-46B4-AAC5-C4746A1B6E86}
		{BFC96343-E1FF-46D1-9F60-74610069FBE7} = {8A45B365-A682-46B4-AAC5-C4746A1B6E86}
		{9E32F3DC-F4CC-4A62-8D0A-46234A4CC4D5} = {0829CE59-D93B-4975-AFAA-9F0109C0EE0F}
		{0829CE59-D93B-4975-AFAA-9F0109C0EE0F} = {5C94593A-993E-4CD6-B6AF-BB2C684E9250}
		{8A45B365-A682-46B4-AAC5-C4746A1B6E86} = {5C94593A-993E-4CD6-B6AF-BB2C684E9250}
	EndGlobalSection
	GlobalSection(ExtensibilityGlobals) = postSolution
		SolutionGuid = {277B7A4A-B801-4511-9811-A47251791B80}
	EndGlobalSection
EndGlobal
